<Solution>
  <Project Path="src/TerraMachina.Abstractions/TerraMachina.Abstractions.csproj" Id="425a673d-0b4f-42b5-8836-c6cc87a910d4" />
  <Project Path="src/TerraMachina.WorldGen/TerraMachina.WorldGen.csproj" Id="9e1077ef-852d-46f8-b877-9ba7d569b84b" />
  <Project Path="src/TerraMachina.WorldSim/TerraMachina.WorldSim.csproj" Id="d8390877-a522-4fdd-985f-a6d121297c5f" />
  <Project Path="src/TerraMachina.Runtime/TerraMachina.Runtime.csproj" Id="bdc4ab31-4d7a-4c78-8343-c06f0b0f6f7c" />
</Solution>
